{
  "requires": true,
  "lockfileVersion": 1,
  "dependencies": {
    "heic2any": {
      "version": "0.0.2",
      "resolved": "https://registry.npmjs.org/heic2any/-/heic2any-0.0.2.tgz",
      "integrity": "sha512-JU/VsP2DqUr1LlrAln7pZ1C0WKVhuwu/6l70N84SfB9FRe5QkP9jPno4tDD1e5d+fwmnDLz+z8lLE5QnF1DBEA=="
    }
  }
}
